
Microsoft Visual Studio Solution File, Format Version 12.00
# Visual Studio Version 16
VisualStudioVersion = 16.0.29326.143
MinimumVisualStudioVersion = 10.0.40219.1
Project("{8BC9CEB8-8B4A-11D0-8D11-00A0C91BC942}") = "Ödev - 3", "Ödev - 3\Ödev - 3.vcxproj", "{752AE327-B9DA-43E3-9B1A-2E6FB865472A}"
EndProject
Global
	GlobalSection(SolutionConfigurationPlatforms) = preSolution
		Debug|x64 = Debug|x64
		Debug|x86 = Debug|x86
		Release|x64 = Release|x64
		Release|x86 = Release|x86
	EndGlobalSection
	GlobalSection(ProjectConfigurationPlatforms) = postSolution
		{752AE327-B9DA-43E3-9B1A-2E6FB865472A}.Debug|x64.ActiveCfg = Debug|x64
		{752AE327-B9DA-43E3-9B1A-2E6FB865472A}.Debug|x64.Build.0 = Debug|x64
		{752AE327-B9DA-43E3-9B1A-2E6FB865472A}.Debug|x86.ActiveCfg = Debug|Win32
		{752AE327-B9DA-43E3-9B1A-2E6FB865472A}.Debug|x86.Build.0 = Debug|Win32
		{752AE327-B9DA-43E3-9B1A-2E6FB865472A}.Release|x64.ActiveCfg = Release|x64
		{752AE327-B9DA-43E3-9B1A-2E6FB865472A}.Release|x64.Build.0 = Release|x64
		{752AE327-B9DA-43E3-9B1A-2E6FB865472A}.Release|x86.ActiveCfg = Release|Win32
		{752AE327-B9DA-43E3-9B1A-2E6FB865472A}.Release|x86.Build.0 = Release|Win32
	EndGlobalSection
	GlobalSection(SolutionProperties) = preSolution
		HideSolutionNode = FALSE
	EndGlobalSection
	GlobalSection(ExtensibilityGlobals) = postSolution
		SolutionGuid = {7B2D954A-1FC2-4AC2-BD3F-4A13AF5EEC62}
	EndGlobalSection
EndGlobal
