
Microsoft Visual Studio Solution File, Format Version 12.00
# Visual Studio 15
VisualStudioVersion = 15.0.28307.1145
MinimumVisualStudioVersion = 10.0.40219.1
Project("{FAE04EC0-301F-11D3-BF4B-00C04F79EFBC}") = "Karalama", "Karalama\Karalama.csproj", "{FA51A4F5-4ABE-4992-9C10-D71BD92AD08A}"
EndProject
Global
	GlobalSection(SolutionConfigurationPlatforms) = preSolution
		Debug|Any CPU = Debug|Any CPU
		Release|Any CPU = Release|Any CPU
	EndGlobalSection
	GlobalSection(ProjectConfigurationPlatforms) = postSolution
		{FA51A4F5-4ABE-4992-9C10-D71BD92AD08A}.Debug|Any CPU.ActiveCfg = Debug|Any CPU
		{FA51A4F5-4ABE-4992-9C10-D71BD92AD08A}.Debug|Any CPU.Build.0 = Debug|Any CPU
		{FA51A4F5-4ABE-4992-9C10-D71BD92AD08A}.Release|Any CPU.ActiveCfg = Release|Any CPU
		{FA51A4F5-4ABE-4992-9C10-D71BD92AD08A}.Release|Any CPU.Build.0 = Release|Any CPU
	EndGlobalSection
	GlobalSection(SolutionProperties) = preSolution
		HideSolutionNode = FALSE
	EndGlobalSection
	GlobalSection(ExtensibilityGlobals) = postSolution
		SolutionGuid = {C83524D3-8FF4-44EF-ADCE-53CCE1E7A02D}
	EndGlobalSection
EndGlobal
